
Microsoft Visual Studio Solution File, Format Version 12.00
Project("{FAE04EC0-301F-11D3-BF4B-00C04F79EFBC}") = "CSharpEditorConfig", "CSharpEditorConfig\CSharpEditorConfig.csproj", "{AD57B7DE-A37A-397B-B201-1216C68EAAED}"
EndProject
Project("{2150E333-8FDC-42A3-9474-1A3956D46DE8}") = "Solution Items", "Solution Items", "{089100B1-113F-4E66-888A-E83F3999EAFD}"
	ProjectSection(SolutionItems) = preProject
		.editorconfig = .editorconfig
		min.editorconfig = min.editorconfig
	EndProjectSection
EndProject
Global
	GlobalSection(SolutionConfigurationPlatforms) = preSolution
		Debug|Any CPU = Debug|Any CPU
		Release|Any CPU = Release|Any CPU
	EndGlobalSection
	GlobalSection(ProjectConfigurationPlatforms) = postSolution
		{AD57B7DE-A37A-397B-B201-1216C68EAAED}.Debug|Any CPU.ActiveCfg = Debug|Any CPU
		{AD57B7DE-A37A-397B-B201-1216C68EAAED}.Debug|Any CPU.Build.0 = Debug|Any CPU
		{AD57B7DE-A37A-397B-B201-1216C68EAAED}.Release|Any CPU.ActiveCfg = Release|Any CPU
		{AD57B7DE-A37A-397B-B201-1216C68EAAED}.Release|Any CPU.Build.0 = Release|Any CPU
	EndGlobalSection
EndGlobal
